
Microsoft Visual Studio Solution File, Format Version 12.00
# Visual Studio Version 17
VisualStudioVersion = 17.14.36414.22
MinimumVisualStudioVersion = 10.0.40219.1
Project("{FAE04EC0-301F-11D3-BF4B-00C04F79EFBC}") = "Project1", "Project1\Project1.csproj", "{B9F21BCF-8199-431B-A9A1-8BFDC01C2D04}"
EndProject
Project("{FAE04EC0-301F-11D3-BF4B-00C04F79EFBC}") = "6pr1", "6pr1\6pr1.csproj", "{9FE7651E-68EA-4FF8-A8CF-E85FB9B8FD24}"
EndProject
Project("{FAE04EC0-301F-11D3-BF4B-00C04F79EFBC}") = "1p", "1p\1p.csproj", "{98BBC7A6-4A9C-48D9-A070-4150DF748262}"
EndProject
Project("{FAE04EC0-301F-11D3-BF4B-00C04F79EFBC}") = "2p", "2p\2p.csproj", "{A0E803AC-0206-4DAF-A0B7-FD2751FF6373}"
EndProject
Project("{FAE04EC0-301F-11D3-BF4B-00C04F79EFBC}") = "6pr2", "6pr2\6pr2.csproj", "{BC97D487-272D-4E4D-BC27-8FF66797BD8C}"
EndProject
Project("{FAE04EC0-301F-11D3-BF4B-00C04F79EFBC}") = "6pr3", "6pr3\6pr3.csproj", "{D27E7FD5-97CF-4687-B5F5-0853C22A733B}"
EndProject
Project("{FAE04EC0-301F-11D3-BF4B-00C04F79EFBC}") = "6pr4", "6pr4\6pr4.csproj", "{932F2787-881D-4866-9238-EA5006401E06}"
EndProject
Project("{FAE04EC0-301F-11D3-BF4B-00C04F79EFBC}") = "6pr5", "6pr5\6pr5.csproj", "{59105793-852C-4B76-88FA-FC31E9E46369}"
EndProject
Project("{FAE04EC0-301F-11D3-BF4B-00C04F79EFBC}") = "massiv", "massiv\massiv.csproj", "{18F21B2F-49B8-4440-BACB-C391331C2B8F}"
EndProject
Project("{FAE04EC0-301F-11D3-BF4B-00C04F79EFBC}") = "mmm", "mmm\mmm.csproj", "{BF872557-EE0F-4554-B1CA-D4B93315A17D}"
EndProject
Project("{FAE04EC0-301F-11D3-BF4B-00C04F79EFBC}") = "dz", "dz\dz.csproj", "{7012E4F7-9670-45D7-A8BA-3658E430748A}"
EndProject
Project("{FAE04EC0-301F-11D3-BF4B-00C04F79EFBC}") = "7pr1.1", "7pr1.1\7pr1.1.csproj", "{A51F0D84-88D2-4A98-981E-D997033FFAA0}"
EndProject
Project("{FAE04EC0-301F-11D3-BF4B-00C04F79EFBC}") = "7pr1.2", "7pr1.2\7pr1.2.csproj", "{F8E1DB27-3B5C-4D5C-86F3-0F7183A3E996}"
EndProject
Project("{FAE04EC0-301F-11D3-BF4B-00C04F79EFBC}") = "tema", "tema\tema.csproj", "{4D500159-8349-40D2-8055-42FB2951826A}"
EndProject
Project("{FAE04EC0-301F-11D3-BF4B-00C04F79EFBC}") = "7pr1.3", "7pr1.3\7pr1.3.csproj", "{61A724B1-7346-4014-A43C-78F16B190852}"
EndProject
Project("{FAE04EC0-301F-11D3-BF4B-00C04F79EFBC}") = "7pr1.4", "7pr1.4\7pr1.4.csproj", "{24F08172-3F3B-4CCC-94EC-3E28EA8B4A81}"
EndProject
Project("{FAE04EC0-301F-11D3-BF4B-00C04F79EFBC}") = "7pr2.5", "7pr2.5\7pr2.5.csproj", "{B01A0AD7-5278-4B05-B41B-11C61BA41E52}"
EndProject
Project("{FAE04EC0-301F-11D3-BF4B-00C04F79EFBC}") = "7pr2.6", "7pr2.6\7pr2.6.csproj", "{CD4D03A5-1ECE-4001-8493-948C46D504B1}"
EndProject
Project("{FAE04EC0-301F-11D3-BF4B-00C04F79EFBC}") = "7pr2.7", "7pr2.7\7pr2.7.csproj", "{6A5CDA9D-975E-4471-AEEF-0FBF1A045C4E}"
EndProject
Project("{FAE04EC0-301F-11D3-BF4B-00C04F79EFBC}") = "7pr2.8", "7pr2.8\7pr2.8.csproj", "{F63111EE-22D5-4C06-A2B6-A8F301A2DCE7}"
EndProject
Project("{FAE04EC0-301F-11D3-BF4B-00C04F79EFBC}") = "7pr2.9", "7pr2.9\7pr2.9.csproj", "{366EC6B7-8ED6-4910-8C45-E0EB75ECBC7A}"
EndProject
Global
	GlobalSection(SolutionConfigurationPlatforms) = preSolution
		Debug|Any CPU = Debug|Any CPU
		Release|Any CPU = Release|Any CPU
	EndGlobalSection
	GlobalSection(ProjectConfigurationPlatforms) = postSolution
		{B9F21BCF-8199-431B-A9A1-8BFDC01C2D04}.Debug|Any CPU.ActiveCfg = Debug|Any CPU
		{B9F21BCF-8199-431B-A9A1-8BFDC01C2D04}.Debug|Any CPU.Build.0 = Debug|Any CPU
		{B9F21BCF-8199-431B-A9A1-8BFDC01C2D04}.Release|Any CPU.ActiveCfg = Release|Any CPU
		{B9F21BCF-8199-431B-A9A1-8BFDC01C2D04}.Release|Any CPU.Build.0 = Release|Any CPU
		{9FE7651E-68EA-4FF8-A8CF-E85FB9B8FD24}.Debug|Any CPU.ActiveCfg = Debug|Any CPU
		{9FE7651E-68EA-4FF8-A8CF-E85FB9B8FD24}.Debug|Any CPU.Build.0 = Debug|Any CPU
		{9FE7651E-68EA-4FF8-A8CF-E85FB9B8FD24}.Release|Any CPU.ActiveCfg = Release|Any CPU
		{9FE7651E-68EA-4FF8-A8CF-E85FB9B8FD24}.Release|Any CPU.Build.0 = Release|Any CPU
		{98BBC7A6-4A9C-48D9-A070-4150DF748262}.Debug|Any CPU.ActiveCfg = Debug|Any CPU
		{98BBC7A6-4A9C-48D9-A070-4150DF748262}.Debug|Any CPU.Build.0 = Debug|Any CPU
		{98BBC7A6-4A9C-48D9-A070-4150DF748262}.Release|Any CPU.ActiveCfg = Release|Any CPU
		{98BBC7A6-4A9C-48D9-A070-4150DF748262}.Release|Any CPU.Build.0 = Release|Any CPU
		{A0E803AC-0206-4DAF-A0B7-FD2751FF6373}.Debug|Any CPU.ActiveCfg = Debug|Any CPU
		{A0E803AC-0206-4DAF-A0B7-FD2751FF6373}.Debug|Any CPU.Build.0 = Debug|Any CPU
		{A0E803AC-0206-4DAF-A0B7-FD2751FF6373}.Release|Any CPU.ActiveCfg = Release|Any CPU
		{A0E803AC-0206-4DAF-A0B7-FD2751FF6373}.Release|Any CPU.Build.0 = Release|Any CPU
		{BC97D487-272D-4E4D-BC27-8FF66797BD8C}.Debug|Any CPU.ActiveCfg = Debug|Any CPU
		{BC97D487-272D-4E4D-BC27-8FF66797BD8C}.Debug|Any CPU.Build.0 = Debug|Any CPU
		{BC97D487-272D-4E4D-BC27-8FF66797BD8C}.Release|Any CPU.ActiveCfg = Release|Any CPU
		{BC97D487-272D-4E4D-BC27-8FF66797BD8C}.Release|Any CPU.Build.0 = Release|Any CPU
		{D27E7FD5-97CF-4687-B5F5-0853C22A733B}.Debug|Any CPU.ActiveCfg = Debug|Any CPU
		{D27E7FD5-97CF-4687-B5F5-0853C22A733B}.Debug|Any CPU.Build.0 = Debug|Any CPU
		{D27E7FD5-97CF-4687-B5F5-0853C22A733B}.Release|Any CPU.ActiveCfg = Release|Any CPU
		{D27E7FD5-97CF-4687-B5F5-0853C22A733B}.Release|Any CPU.Build.0 = Release|Any CPU
		{932F2787-881D-4866-9238-EA5006401E06}.Debug|Any CPU.ActiveCfg = Debug|Any CPU
		{932F2787-881D-4866-9238-EA5006401E06}.Debug|Any CPU.Build.0 = Debug|Any CPU
		{932F2787-881D-4866-9238-EA5006401E06}.Release|Any CPU.ActiveCfg = Release|Any CPU
		{932F2787-881D-4866-9238-EA5006401E06}.Release|Any CPU.Build.0 = Release|Any CPU
		{59105793-852C-4B76-88FA-FC31E9E46369}.Debug|Any CPU.ActiveCfg = Debug|Any CPU
		{59105793-852C-4B76-88FA-FC31E9E46369}.Debug|Any CPU.Build.0 = Debug|Any CPU
		{59105793-852C-4B76-88FA-FC31E9E46369}.Release|Any CPU.ActiveCfg = Release|Any CPU
		{59105793-852C-4B76-88FA-FC31E9E46369}.Release|Any CPU.Build.0 = Release|Any CPU
		{18F21B2F-49B8-4440-BACB-C391331C2B8F}.Debug|Any CPU.ActiveCfg = Debug|Any CPU
		{18F21B2F-49B8-4440-BACB-C391331C2B8F}.Debug|Any CPU.Build.0 = Debug|Any CPU
		{18F21B2F-49B8-4440-BACB-C391331C2B8F}.Release|Any CPU.ActiveCfg = Release|Any CPU
		{18F21B2F-49B8-4440-BACB-C391331C2B8F}.Release|Any CPU.Build.0 = Release|Any CPU
		{BF872557-EE0F-4554-B1CA-D4B93315A17D}.Debug|Any CPU.ActiveCfg = Debug|Any CPU
		{BF872557-EE0F-4554-B1CA-D4B93315A17D}.Debug|Any CPU.Build.0 = Debug|Any CPU
		{BF872557-EE0F-4554-B1CA-D4B93315A17D}.Release|Any CPU.ActiveCfg = Release|Any CPU
		{BF872557-EE0F-4554-B1CA-D4B93315A17D}.Release|Any CPU.Build.0 = Release|Any CPU
		{7012E4F7-9670-45D7-A8BA-3658E430748A}.Debug|Any CPU.ActiveCfg = Debug|Any CPU
		{7012E4F7-9670-45D7-A8BA-3658E430748A}.Debug|Any CPU.Build.0 = Debug|Any CPU
		{7012E4F7-9670-45D7-A8BA-3658E430748A}.Release|Any CPU.ActiveCfg = Release|Any CPU
		{7012E4F7-9670-45D7-A8BA-3658E430748A}.Release|Any CPU.Build.0 = Release|Any CPU
		{A51F0D84-88D2-4A98-981E-D997033FFAA0}.Debug|Any CPU.ActiveCfg = Debug|Any CPU
		{A51F0D84-88D2-4A98-981E-D997033FFAA0}.Debug|Any CPU.Build.0 = Debug|Any CPU
		{A51F0D84-88D2-4A98-981E-D997033FFAA0}.Release|Any CPU.ActiveCfg = Release|Any CPU
		{A51F0D84-88D2-4A98-981E-D997033FFAA0}.Release|Any CPU.Build.0 = Release|Any CPU
		{F8E1DB27-3B5C-4D5C-86F3-0F7183A3E996}.Debug|Any CPU.ActiveCfg = Debug|Any CPU
		{F8E1DB27-3B5C-4D5C-86F3-0F7183A3E996}.Debug|Any CPU.Build.0 = Debug|Any CPU
		{F8E1DB27-3B5C-4D5C-86F3-0F7183A3E996}.Release|Any CPU.ActiveCfg = Release|Any CPU
		{F8E1DB27-3B5C-4D5C-86F3-0F7183A3E996}.Release|Any CPU.Build.0 = Release|Any CPU
		{4D500159-8349-40D2-8055-42FB2951826A}.Debug|Any CPU.ActiveCfg = Debug|Any CPU
		{4D500159-8349-40D2-8055-42FB2951826A}.Debug|Any CPU.Build.0 = Debug|Any CPU
		{4D500159-8349-40D2-8055-42FB2951826A}.Release|Any CPU.ActiveCfg = Release|Any CPU
		{4D500159-8349-40D2-8055-42FB2951826A}.Release|Any CPU.Build.0 = Release|Any CPU
		{61A724B1-7346-4014-A43C-78F16B190852}.Debug|Any CPU.ActiveCfg = Debug|Any CPU
		{61A724B1-7346-4014-A43C-78F16B190852}.Debug|Any CPU.Build.0 = Debug|Any CPU
		{61A724B1-7346-4014-A43C-78F16B190852}.Release|Any CPU.ActiveCfg = Release|Any CPU
		{61A724B1-7346-4014-A43C-78F16B190852}.Release|Any CPU.Build.0 = Release|Any CPU
		{24F08172-3F3B-4CCC-94EC-3E28EA8B4A81}.Debug|Any CPU.ActiveCfg = Debug|Any CPU
		{24F08172-3F3B-4CCC-94EC-3E28EA8B4A81}.Debug|Any CPU.Build.0 = Debug|Any CPU
		{24F08172-3F3B-4CCC-94EC-3E28EA8B4A81}.Release|Any CPU.ActiveCfg = Release|Any CPU
		{24F08172-3F3B-4CCC-94EC-3E28EA8B4A81}.Release|Any CPU.Build.0 = Release|Any CPU
		{B01A0AD7-5278-4B05-B41B-11C61BA41E52}.Debug|Any CPU.ActiveCfg = Debug|Any CPU
		{B01A0AD7-5278-4B05-B41B-11C61BA41E52}.Debug|Any CPU.Build.0 = Debug|Any CPU
		{B01A0AD7-5278-4B05-B41B-11C61BA41E52}.Release|Any CPU.ActiveCfg = Release|Any CPU
		{B01A0AD7-5278-4B05-B41B-11C61BA41E52}.Release|Any CPU.Build.0 = Release|Any CPU
		{CD4D03A5-1ECE-4001-8493-948C46D504B1}.Debug|Any CPU.ActiveCfg = Debug|Any CPU
		{CD4D03A5-1ECE-4001-8493-948C46D504B1}.Debug|Any CPU.Build.0 = Debug|Any CPU
		{CD4D03A5-1ECE-4001-8493-948C46D504B1}.Release|Any CPU.ActiveCfg = Release|Any CPU
		{CD4D03A5-1ECE-4001-8493-948C46D504B1}.Release|Any CPU.Build.0 = Release|Any CPU
		{6A5CDA9D-975E-4471-AEEF-0FBF1A045C4E}.Debug|Any CPU.ActiveCfg = Debug|Any CPU
		{6A5CDA9D-975E-4471-AEEF-0FBF1A045C4E}.Debug|Any CPU.Build.0 = Debug|Any CPU
		{6A5CDA9D-975E-4471-AEEF-0FBF1A045C4E}.Release|Any CPU.ActiveCfg = Release|Any CPU
		{6A5CDA9D-975E-4471-AEEF-0FBF1A045C4E}.Release|Any CPU.Build.0 = Release|Any CPU
		{F63111EE-22D5-4C06-A2B6-A8F301A2DCE7}.Debug|Any CPU.ActiveCfg = Debug|Any CPU
		{F63111EE-22D5-4C06-A2B6-A8F301A2DCE7}.Debug|Any CPU.Build.0 = Debug|Any CPU
		{F63111EE-22D5-4C06-A2B6-A8F301A2DCE7}.Release|Any CPU.ActiveCfg = Release|Any CPU
		{F63111EE-22D5-4C06-A2B6-A8F301A2DCE7}.Release|Any CPU.Build.0 = Release|Any CPU
		{366EC6B7-8ED6-4910-8C45-E0EB75ECBC7A}.Debug|Any CPU.ActiveCfg = Debug|Any CPU
		{366EC6B7-8ED6-4910-8C45-E0EB75ECBC7A}.Debug|Any CPU.Build.0 = Debug|Any CPU
		{366EC6B7-8ED6-4910-8C45-E0EB75ECBC7A}.Release|Any CPU.ActiveCfg = Release|Any CPU
		{366EC6B7-8ED6-4910-8C45-E0EB75ECBC7A}.Release|Any CPU.Build.0 = Release|Any CPU
	EndGlobalSection
	GlobalSection(SolutionProperties) = preSolution
		HideSolutionNode = FALSE
	EndGlobalSection
	GlobalSection(ExtensibilityGlobals) = postSolution
		SolutionGuid = {04225531-58F5-4E4C-AAEB-4E5A30B3B00B}
	EndGlobalSection
EndGlobal
